// !$*UTF8*$!
{
	archiveVersion = 1;
	classes = {
	};
	objectVersion = 50;
	objects = {

/* Begin PBXBuildFile section */
		D0D19CF325294D0B006EA18B /* VideoContentView.swift in Sources */ = {isa = PBXBuildFile; fileRef = D0D19CF225294D0B006EA18B /* VideoContentView.swift */; };
		D0D19CF825294DEC006EA18B /* VideoPicker.swift in Sources */ = {isa = PBXBuildFile; fileRef = D0D19CF725294DEC006EA18B /* VideoPicker.swift */; };
		D0DA1F252523E0D200877F50 /* PHPickerSamplerApp.swift in Sources */ = {isa = PBXBuildFile; fileRef = D0DA1F242523E0D200877F50 /* PHPickerSamplerApp.swift */; };
		D0DA1F272523E0D200877F50 /* ContentView.swift in Sources */ = {isa = PBXBuildFile; fileRef = D0DA1F262523E0D200877F50 /* ContentView.swift */; };
		D0DA1F292523E0D300877F50 /* Assets.xcassets in Resources */ = {isa = PBXBuildFile; fileRef = D0DA1F282523E0D300877F50 /* Assets.xcassets */; };
		D0DA1F2C2523E0D300877F50 /* Preview Assets.xcassets in Resources */ = {isa = PBXBuildFile; fileRef = D0DA1F2B2523E0D300877F50 /* Preview Assets.xcassets */; };
		D0DA1F372523E0D300877F50 /* PHPickerSamplerTests.swift in Sources */ = {isa = PBXBuildFile; fileRef = D0DA1F362523E0D300877F50 /* PHPickerSamplerTests.swift */; };
		D0DA1F422523E0D300877F50 /* PHPickerSamplerUITests.swift in Sources */ = {isa = PBXBuildFile; fileRef = D0DA1F412523E0D300877F50 /* PHPickerSamplerUITests.swift */; };
		D0DA1F532523E5E200877F50 /* ImageContentView.swift in Sources */ = {isa = PBXBuildFile; fileRef = D0DA1F522523E5E200877F50 /* ImageContentView.swift */; };
		D0DA1FAA25252F7600877F50 /* PhotoPicker.swift in Sources */ = {isa = PBXBuildFile; fileRef = D0DA1FA925252F7600877F50 /* PhotoPicker.swift */; };
/* End PBXBuildFile section */

/* Begin PBXContainerItemProxy section */
		D0DA1F332523E0D300877F50 /* PBXContainerItemProxy */ = {
			isa = PBXContainerItemProxy;
			containerPortal = D0DA1F192523E0D200877F50 /* Project object */;
			proxyType = 1;
			remoteGlobalIDString = D0DA1F202523E0D200877F50;
			remoteInfo = PHPickerSampler;
		};
		D0DA1F3E2523E0D300877F50 /* PBXContainerItemProxy */ = {
			isa = PBXContainerItemProxy;
			containerPortal = D0DA1F192523E0D200877F50 /* Project object */;
			proxyType = 1;
			remoteGlobalIDString = D0DA1F202523E0D200877F50;
			remoteInfo = PHPickerSampler;
		};
/* End PBXContainerItemProxy section */

/* Begin PBXFileReference section */
		D0D19CF225294D0B006EA18B /* VideoContentView.swift */ = {isa = PBXFileReference; lastKnownFileType = sourcecode.swift; path = VideoContentView.swift; sourceTree = "<group>"; };
		D0D19CF725294DEC006EA18B /* VideoPicker.swift */ = {isa = PBXFileReference; lastKnownFileType = sourcecode.swift; path = VideoPicker.swift; sourceTree = "<group>"; };
		D0DA1F212523E0D200877F50 /* PHPickerSampler.app */ = {isa = PBXFileReference; explicitFileType = wrapper.application; includeInIndex = 0; path = PHPickerSampler.app; sourceTree = BUILT_PRODUCTS_DIR; };
		D0DA1F242523E0D200877F50 /* PHPickerSamplerApp.swift */ = {isa = PBXFileReference; lastKnownFileType = sourcecode.swift; path = PHPickerSamplerApp.swift; sourceTree = "<group>"; };
		D0DA1F262523E0D200877F50 /* ContentView.swift */ = {isa = PBXFileReference; lastKnownFileType = sourcecode.swift; path = ContentView.swift; sourceTree = "<group>"; };
		D0DA1F282523E0D300877F50 /* Assets.xcassets */ = {isa = PBXFileReference; lastKnownFileType = folder.assetcatalog; path = Assets.xcassets; sourceTree = "<group>"; };
		D0DA1F2B2523E0D300877F50 /* Preview Assets.xcassets */ = {isa = PBXFileReference; lastKnownFileType = folder.assetcatalog; path = "Preview Assets.xcassets"; sourceTree = "<group>"; };
		D0DA1F2D2523E0D300877F50 /* Info.plist */ = {isa = PBXFileReference; lastKnownFileType = text.plist.xml; path = Info.plist; sourceTree = "<group>"; };
		D0DA1F322523E0D300877F50 /* PHPickerSamplerTests.xctest */ = {isa = PBXFileReference; explicitFileType = wrapper.cfbundle; includeInIndex = 0; path = PHPickerSamplerTests.xctest; sourceTree = BUILT_PRODUCTS_DIR; };
		D0DA1F362523E0D300877F50 /* PHPickerSamplerTests.swift */ = {isa = PBXFileReference; lastKnownFileType = sourcecode.swift; path = PHPickerSamplerTests.swift; sourceTree = "<group>"; };
		D0DA1F382523E0D300877F50 /* Info.plist */ = {isa = PBXFileReference; lastKnownFileType = text.plist.xml; path = Info.plist; sourceTree = "<group>"; };
		D0DA1F3D2523E0D300877F50 /* PHPickerSamplerUITests.xctest */ = {isa = PBXFileReference; explicitFileType = wrapper.cfbundle; includeInIndex = 0; path = PHPickerSamplerUITests.xctest; sourceTree = BUILT_PRODUCTS_DIR; };
		D0DA1F412523E0D300877F50 /* PHPickerSamplerUITests.swift */ = {isa = PBXFileReference; lastKnownFileType = sourcecode.swift; path = PHPickerSamplerUITests.swift; sourceTree = "<group>"; };
		D0DA1F432523E0D300877F50 /* Info.plist */ = {isa = PBXFileReference; lastKnownFileType = text.plist.xml; path = Info.plist; sourceTree = "<group>"; };
		D0DA1F522523E5E200877F50 /* ImageContentView.swift */ = {isa = PBXFileReference; lastKnownFileType = sourcecode.swift; path = ImageContentView.swift; sourceTree = "<group>"; };
		D0DA1FA925252F7600877F50 /* PhotoPicker.swift */ = {isa = PBXFileReference; lastKnownFileType = sourcecode.swift; path = PhotoPicker.swift; sourceTree = "<group>"; };
/* End PBXFileReference section */

/* Begin PBXFrameworksBuildPhase section */
		D0DA1F1E2523E0D200877F50 /* Frameworks */ = {
			isa = PBXFrameworksBuildPhase;
			buildActionMask = 2147483647;
			files = (
			);
			runOnlyForDeploymentPostprocessing = 0;
		};
		D0DA1F2F2523E0D300877F50 /* Frameworks */ = {
			isa = PBXFrameworksBuildPhase;
			buildActionMask = 2147483647;
			files = (
			);
			runOnlyForDeploymentPostprocessing = 0;
		};
		D0DA1F3A2523E0D300877F50 /* Frameworks */ = {
			isa = PBXFrameworksBuildPhase;
			buildActionMask = 2147483647;
			files = (
			);
			runOnlyForDeploymentPostprocessing = 0;
		};
/* End PBXFrameworksBuildPhase section */

/* Begin PBXGroup section */
		D0DA1F182523E0D200877F50 = {
			isa = PBXGroup;
			children = (
				D0DA1F232523E0D200877F50 /* PHPickerSampler */,
				D0DA1F352523E0D300877F50 /* PHPickerSamplerTests */,
				D0DA1F402523E0D300877F50 /* PHPickerSamplerUITests */,
				D0DA1F222523E0D200877F50 /* Products */,
			);
			sourceTree = "<group>";
		};
		D0DA1F222523E0D200877F50 /* Products */ = {
			isa = PBXGroup;
			children = (
				D0DA1F212523E0D200877F50 /* PHPickerSampler.app */,
				D0DA1F322523E0D300877F50 /* PHPickerSamplerTests.xctest */,
				D0DA1F3D2523E0D300877F50 /* PHPickerSamplerUITests.xctest */,
			);
			name = Products;
			sourceTree = "<group>";
		};
		D0DA1F232523E0D200877F50 /* PHPickerSampler */ = {
			isa = PBXGroup;
			children = (
				D0DA1F242523E0D200877F50 /* PHPickerSamplerApp.swift */,
				D0DA1F262523E0D200877F50 /* ContentView.swift */,
				D0DA1F522523E5E200877F50 /* ImageContentView.swift */,
				D0D19CF225294D0B006EA18B /* VideoContentView.swift */,
				D0DA1FA925252F7600877F50 /* PhotoPicker.swift */,
				D0D19CF725294DEC006EA18B /* VideoPicker.swift */,
				D0DA1F282523E0D300877F50 /* Assets.xcassets */,
				D0DA1F2D2523E0D300877F50 /* Info.plist */,
				D0DA1F2A2523E0D300877F50 /* Preview Content */,
			);
			path = PHPickerSampler;
			sourceTree = "<group>";
		};
		D0DA1F2A2523E0D300877F50 /* Preview Content */ = {
			isa = PBXGroup;
			children = (
				D0DA1F2B2523E0D300877F50 /* Preview Assets.xcassets */,
			);
			path = "Preview Content";
			sourceTree = "<group>";
		};
		D0DA1F352523E0D300877F50 /* PHPickerSamplerTests */ = {
			isa = PBXGroup;
			children = (
				D0DA1F362523E0D300877F50 /* PHPickerSamplerTests.swift */,
				D0DA1F382523E0D300877F50 /* Info.plist */,
			);
			path = PHPickerSamplerTests;
			sourceTree = "<group>";
		};
		D0DA1F402523E0D300877F50 /* PHPickerSamplerUITests */ = {
			isa = PBXGroup;
			children = (
				D0DA1F412523E0D300877F50 /* PHPickerSamplerUITests.swift */,
				D0DA1F432523E0D300877F50 /* Info.plist */,
			);
			path = PHPickerSamplerUITests;
			sourceTree = "<group>";
		};
/* End PBXGroup section */

/* Begin PBXNativeTarget section */
		D0DA1F202523E0D200877F50 /* PHPickerSampler */ = {
			isa = PBXNativeTarget;
			buildConfigurationList = D0DA1F462523E0D300877F50 /* Build configuration list for PBXNativeTarget "PHPickerSampler" */;
			buildPhases = (
				D0DA1F1D2523E0D200877F50 /* Sources */,
				D0DA1F1E2523E0D200877F50 /* Frameworks */,
				D0DA1F1F2523E0D200877F50 /* Resources */,
			);
			buildRules = (
			);
			dependencies = (
			);
			name = PHPickerSampler;
			productName = PHPickerSampler;
			productReference = D0DA1F212523E0D200877F50 /* PHPickerSampler.app */;
			productType = "com.apple.product-type.application";
		};
		D0DA1F312523E0D300877F50 /* PHPickerSamplerTests */ = {
			isa = PBXNativeTarget;
			buildConfigurationList = D0DA1F492523E0D300877F50 /* Build configuration list for PBXNativeTarget "PHPickerSamplerTests" */;
			buildPhases = (
				D0DA1F2E2523E0D300877F50 /* Sources */,
				D0DA1F2F2523E0D300877F50 /* Frameworks */,
				D0DA1F302523E0D300877F50 /* Resources */,
			);
			buildRules = (
			);
			dependencies = (
				D0DA1F342523E0D300877F50 /* PBXTargetDependency */,
			);
			name = PHPickerSamplerTests;
			productName = PHPickerSamplerTests;
			productReference = D0DA1F322523E0D300877F50 /* PHPickerSamplerTests.xctest */;
			productType = "com.apple.product-type.bundle.unit-test";
		};
		D0DA1F3C2523E0D300877F50 /* PHPickerSamplerUITests */ = {
			isa = PBXNativeTarget;
			buildConfigurationList = D0DA1F4C2523E0D300877F50 /* Build configuration list for PBXNativeTarget "PHPickerSamplerUITests" */;
			buildPhases = (
				D0DA1F392523E0D300877F50 /* Sources */,
				D0DA1F3A2523E0D300877F50 /* Frameworks */,
				D0DA1F3B2523E0D300877F50 /* Resources */,
			);
			buildRules = (
			);
			dependencies = (
				D0DA1F3F2523E0D300877F50 /* PBXTargetDependency */,
			);
			name = PHPickerSamplerUITests;
			productName = PHPickerSamplerUITests;
			productReference = D0DA1F3D2523E0D300877F50 /* PHPickerSamplerUITests.xctest */;
			productType = "com.apple.product-type.bundle.ui-testing";
		};
/* End PBXNativeTarget section */

/* Begin PBXProject section */
		D0DA1F192523E0D200877F50 /* Project object */ = {
			isa = PBXProject;
			attributes = {
				LastSwiftUpdateCheck = 1200;
				LastUpgradeCheck = 1200;
				TargetAttributes = {
					D0DA1F202523E0D200877F50 = {
						CreatedOnToolsVersion = 12.0;
					};
					D0DA1F312523E0D300877F50 = {
						CreatedOnToolsVersion = 12.0;
						TestTargetID = D0DA1F202523E0D200877F50;
					};
					D0DA1F3C2523E0D300877F50 = {
						CreatedOnToolsVersion = 12.0;
						TestTargetID = D0DA1F202523E0D200877F50;
					};
				};
			};
			buildConfigurationList = D0DA1F1C2523E0D200877F50 /* Build configuration list for PBXProject "PHPickerSampler" */;
			compatibilityVersion = "Xcode 9.3";
			developmentRegion = en;
			hasScannedForEncodings = 0;
			knownRegions = (
				en,
				Base,
			);
			mainGroup = D0DA1F182523E0D200877F50;
			productRefGroup = D0DA1F222523E0D200877F50 /* Products */;
			projectDirPath = "";
			projectRoot = "";
			targets = (
				D0DA1F202523E0D200877F50 /* PHPickerSampler */,
				D0DA1F312523E0D300877F50 /* PHPickerSamplerTests */,
				D0DA1F3C2523E0D300877F50 /* PHPickerSamplerUITests */,
			);
		};
/* End PBXProject section */

/* Begin PBXResourcesBuildPhase section */
		D0DA1F1F2523E0D200877F50 /* Resources */ = {
			isa = PBXResourcesBuildPhase;
			buildActionMask = 2147483647;
			files = (
				D0DA1F2C2523E0D300877F50 /* Preview Assets.xcassets in Resources */,
				D0DA1F292523E0D300877F50 /* Assets.xcassets in Resources */,
			);
			runOnlyForDeploymentPostprocessing = 0;
		};
		D0DA1F302523E0D300877F50 /* Resources */ = {
			isa = PBXResourcesBuildPhase;
			buildActionMask = 2147483647;
			files = (
			);
			runOnlyForDeploymentPostprocessing = 0;
		};
		D0DA1F3B2523E0D300877F50 /* Resources */ = {
			isa = PBXResourcesBuildPhase;
			buildActionMask = 2147483647;
			files = (
			);
			runOnlyForDeploymentPostprocessing = 0;
		};
/* End PBXResourcesBuildPhase section */

/* Begin PBXSourcesBuildPhase section */
		D0DA1F1D2523E0D200877F50 /* Sources */ = {
			isa = PBXSourcesBuildPhase;
			buildActionMask = 2147483647;
			files = (
				D0DA1FAA25252F7600877F50 /* PhotoPicker.swift in Sources */,
				D0DA1F272523E0D200877F50 /* ContentView.swift in Sources */,
				D0DA1F252523E0D200877F50 /* PHPickerSamplerApp.swift in Sources */,
				D0D19CF825294DEC006EA18B /* VideoPicker.swift in Sources */,
				D0DA1F532523E5E200877F50 /* ImageContentView.swift in Sources */,
				D0D19CF325294D0B006EA18B /* VideoContentView.swift in Sources */,
			);
			runOnlyForDeploymentPostprocessing = 0;
		};
		D0DA1F2E2523E0D300877F50 /* Sources */ = {
			isa = PBXSourcesBuildPhase;
			buildActionMask = 2147483647;
			files = (
				D0DA1F372523E0D300877F50 /* PHPickerSamplerTests.swift in Sources */,
			);
			runOnlyForDeploymentPostprocessing = 0;
		};
		D0DA1F392523E0D300877F50 /* Sources */ = {
			isa = PBXSourcesBuildPhase;
			buildActionMask = 2147483647;
			files = (
				D0DA1F422523E0D300877F50 /* PHPickerSamplerUITests.swift in Sources */,
			);
			runOnlyForDeploymentPostprocessing = 0;
		};
/* End PBXSourcesBuildPhase section */

/* Begin PBXTargetDependency section */
		D0DA1F342523E0D300877F50 /* PBXTargetDependency */ = {
			isa = PBXTargetDependency;
			target = D0DA1F202523E0D200877F50 /* PHPickerSampler */;
			targetProxy = D0DA1F332523E0D300877F50 /* PBXContainerItemProxy */;
		};
		D0DA1F3F2523E0D300877F50 /* PBXTargetDependency */ = {
			isa = PBXTargetDependency;
			target = D0DA1F202523E0D200877F50 /* PHPickerSampler */;
			targetProxy = D0DA1F3E2523E0D300877F50 /* PBXContainerItemProxy */;
		};
/* End PBXTargetDependency section */

/* Begin XCBuildConfiguration section */
		D0DA1F442523E0D300877F50 /* Debug */ = {
			isa = XCBuildConfiguration;
			buildSettings = {
				ALWAYS_SEARCH_USER_PATHS = NO;
				CLANG_ANALYZER_NONNULL = YES;
				CLANG_ANALYZER_NUMBER_OBJECT_CONVERSION = YES_AGGRESSIVE;
				CLANG_CXX_LANGUAGE_STANDARD = "gnu++14";
				CLANG_CXX_LIBRARY = "libc++";
				CLANG_ENABLE_MODULES = YES;
				CLANG_ENABLE_OBJC_ARC = YES;
				CLANG_ENABLE_OBJC_WEAK = YES;
				CLANG_WARN_BLOCK_CAPTURE_AUTORELEASING = YES;
				CLANG_WARN_BOOL_CONVERSION = YES;
				CLANG_WARN_COMMA = YES;
				CLANG_WARN_CONSTANT_CONVERSION = YES;
				CLANG_WARN_DEPRECATED_OBJC_IMPLEMENTATIONS = YES;
				CLANG_WARN_DIRECT_OBJC_ISA_USAGE = YES_ERROR;
				CLANG_WARN_DOCUMENTATION_COMMENTS = YES;
				CLANG_WARN_EMPTY_BODY = YES;
				CLANG_WARN_ENUM_CONVERSION = YES;
				CLANG_WARN_INFINITE_RECURSION = YES;
				CLANG_WARN_INT_CONVERSION = YES;
				CLANG_WARN_NON_LITERAL_NULL_CONVERSION = YES;
				CLANG_WARN_OBJC_IMPLICIT_RETAIN_SELF = YES;
				CLANG_WARN_OBJC_LITERAL_CONVERSION = YES;
				CLANG_WARN_OBJC_ROOT_CLASS = YES_ERROR;
				CLANG_WARN_QUOTED_INCLUDE_IN_FRAMEWORK_HEADER = YES;
				CLANG_WARN_RANGE_LOOP_ANALYSIS = YES;
				CLANG_WARN_STRICT_PROTOTYPES = YES;
				CLANG_WARN_SUSPICIOUS_MOVE = YES;
				CLANG_WARN_UNGUARDED_AVAILABILITY = YES_AGGRESSIVE;
				CLANG_WARN_UNREACHABLE_CODE = YES;
				CLANG_WARN__DUPLICATE_METHOD_MATCH = YES;
				COPY_PHASE_STRIP = NO;
				DEBUG_INFORMATION_FORMAT = dwarf;
				ENABLE_STRICT_OBJC_MSGSEND = YES;
				ENABLE_TESTABILITY = YES;
				GCC_C_LANGUAGE_STANDARD = gnu11;
				GCC_DYNAMIC_NO_PIC = NO;
				GCC_NO_COMMON_BLOCKS = YES;
				GCC_OPTIMIZATION_LEVEL = 0;
				GCC_PREPROCESSOR_DEFINITIONS = (
					"DEBUG=1",
					"$(inherited)",
				);
				GCC_WARN_64_TO_32_BIT_CONVERSION = YES;
				GCC_WARN_ABOUT_RETURN_TYPE = YES_ERROR;
				GCC_WARN_UNDECLARED_SELECTOR = YES;
				GCC_WARN_UNINITIALIZED_AUTOS = YES_AGGRESSIVE;
				GCC_WARN_UNUSED_FUNCTION = YES;
				GCC_WARN_UNUSED_VARIABLE = YES;
				IPHONEOS_DEPLOYMENT_TARGET = 14.0;
				MTL_ENABLE_DEBUG_INFO = INCLUDE_SOURCE;
				MTL_FAST_MATH = YES;
				ONLY_ACTIVE_ARCH = YES;
				SDKROOT = iphoneos;
				SWIFT_ACTIVE_COMPILATION_CONDITIONS = DEBUG;
				SWIFT_OPTIMIZATION_LEVEL = "-Onone";
			};
			name = Debug;
		};
		D0DA1F452523E0D300877F50 /* Release */ = {
			isa = XCBuildConfiguration;
			buildSettings = {
				ALWAYS_SEARCH_USER_PATHS = NO;
				CLANG_ANALYZER_NONNULL = YES;
				CLANG_ANALYZER_NUMBER_OBJECT_CONVERSION = YES_AGGRESSIVE;
				CLANG_CXX_LANGUAGE_STANDARD = "gnu++14";
				CLANG_CXX_LIBRARY = "libc++";
				CLANG_ENABLE_MODULES = YES;
				CLANG_ENABLE_OBJC_ARC = YES;
				CLANG_ENABLE_OBJC_WEAK = YES;
				CLANG_WARN_BLOCK_CAPTURE_AUTORELEASING = YES;
				CLANG_WARN_BOOL_CONVERSION = YES;
				CLANG_WARN_COMMA = YES;
				CLANG_WARN_CONSTANT_CONVERSION = YES;
				CLANG_WARN_DEPRECATED_OBJC_IMPLEMENTATIONS = YES;
				CLANG_WARN_DIRECT_OBJC_ISA_USAGE = YES_ERROR;
				CLANG_WARN_DOCUMENTATION_COMMENTS = YES;
				CLANG_WARN_EMPTY_BODY = YES;
				CLANG_WARN_ENUM_CONVERSION = YES;
				CLANG_WARN_INFINITE_RECURSION = YES;
				CLANG_WARN_INT_CONVERSION = YES;
				CLANG_WARN_NON_LITERAL_NULL_CONVERSION = YES;
				CLANG_WARN_OBJC_IMPLICIT_RETAIN_SELF = YES;
				CLANG_WARN_OBJC_LITERAL_CONVERSION = YES;
				CLANG_WARN_OBJC_ROOT_CLASS = YES_ERROR;
				CLANG_WARN_QUOTED_INCLUDE_IN_FRAMEWORK_HEADER = YES;
				CLANG_WARN_RANGE_LOOP_ANALYSIS = YES;
				CLANG_WARN_STRICT_PROTOTYPES = YES;
				CLANG_WARN_SUSPICIOUS_MOVE = YES;
				CLANG_WARN_UNGUARDED_AVAILABILITY = YES_AGGRESSIVE;
				CLANG_WARN_UNREACHABLE_CODE = YES;
				CLANG_WARN__DUPLICATE_METHOD_MATCH = YES;
				COPY_PHASE_STRIP = NO;
				DEBUG_INFORMATION_FORMAT = "dwarf-with-dsym";
				ENABLE_NS_ASSERTIONS = NO;
				ENABLE_STRICT_OBJC_MSGSEND = YES;
				GCC_C_LANGUAGE_STANDARD = gnu11;
				GCC_NO_COMMON_BLOCKS = YES;
				GCC_WARN_64_TO_32_BIT_CONVERSION = YES;
				GCC_WARN_ABOUT_RETURN_TYPE = YES_ERROR;
				GCC_WARN_UNDECLARED_SELECTOR = YES;
				GCC_WARN_UNINITIALIZED_AUTOS = YES_AGGRESSIVE;
				GCC_WARN_UNUSED_FUNCTION = YES;
				GCC_WARN_UNUSED_VARIABLE = YES;
				IPHONEOS_DEPLOYMENT_TARGET = 14.0;
				MTL_ENABLE_DEBUG_INFO = NO;
				MTL_FAST_MATH = YES;
				SDKROOT = iphoneos;
				SWIFT_COMPILATION_MODE = wholemodule;
				SWIFT_OPTIMIZATION_LEVEL = "-O";
				VALIDATE_PRODUCT = YES;
			};
			name = Release;
		};
		D0DA1F472523E0D300877F50 /* Debug */ = {
			isa = XCBuildConfiguration;
			buildSettings = {
				ASSETCATALOG_COMPILER_APPICON_NAME = AppIcon;
				ASSETCATALOG_COMPILER_GLOBAL_ACCENT_COLOR_NAME = AccentColor;
				CODE_SIGN_STYLE = Automatic;
				DEVELOPMENT_ASSET_PATHS = "\"PHPickerSampler/Preview Content\"";
				DEVELOPMENT_TEAM = RPCC56FD9B;
				ENABLE_PREVIEWS = YES;
				INFOPLIST_FILE = PHPickerSampler/Info.plist;
				IPHONEOS_DEPLOYMENT_TARGET = 14.0;
				LD_RUNPATH_SEARCH_PATHS = (
					"$(inherited)",
					"@executable_path/Frameworks",
				);
				PRODUCT_BUNDLE_IDENTIFIER = com.justintimes.PHPickerSampler;
				PRODUCT_NAME = "$(TARGET_NAME)";
				SWIFT_VERSION = 5.0;
				TARGETED_DEVICE_FAMILY = "1,2";
			};
			name = Debug;
		};
		D0DA1F482523E0D300877F50 /* Release */ = {
			isa = XCBuildConfiguration;
			buildSettings = {
				ASSETCATALOG_COMPILER_APPICON_NAME = AppIcon;
				ASSETCATALOG_COMPILER_GLOBAL_ACCENT_COLOR_NAME = AccentColor;
				CODE_SIGN_STYLE = Automatic;
				DEVELOPMENT_ASSET_PATHS = "\"PHPickerSampler/Preview Content\"";
				DEVELOPMENT_TEAM = RPCC56FD9B;
				ENABLE_PREVIEWS = YES;
				INFOPLIST_FILE = PHPickerSampler/Info.plist;
				IPHONEOS_DEPLOYMENT_TARGET = 14.0;
				LD_RUNPATH_SEARCH_PATHS = (
					"$(inherited)",
					"@executable_path/Frameworks",
				);
				PRODUCT_BUNDLE_IDENTIFIER = com.justintimes.PHPickerSampler;
				PRODUCT_NAME = "$(TARGET_NAME)";
				SWIFT_VERSION = 5.0;
				TARGETED_DEVICE_FAMILY = "1,2";
			};
			name = Release;
		};
		D0DA1F4A2523E0D300877F50 /* Debug */ = {
			isa = XCBuildConfiguration;
			buildSettings = {
				ALWAYS_EMBED_SWIFT_STANDARD_LIBRARIES = YES;
				BUNDLE_LOADER = "$(TEST_HOST)";
				CODE_SIGN_STYLE = Automatic;
				DEVELOPMENT_TEAM = RPCC56FD9B;
				INFOPLIST_FILE = PHPickerSamplerTests/Info.plist;
				IPHONEOS_DEPLOYMENT_TARGET = 14.0;
				LD_RUNPATH_SEARCH_PATHS = (
					"$(inherited)",
					"@executable_path/Frameworks",
					"@loader_path/Frameworks",
				);
				PRODUCT_BUNDLE_IDENTIFIER = com.justintimes.PHPickerSamplerTests;
				PRODUCT_NAME = "$(TARGET_NAME)";
				SWIFT_VERSION = 5.0;
				TARGETED_DEVICE_FAMILY = "1,2";
				TEST_HOST = "$(BUILT_PRODUCTS_DIR)/PHPickerSampler.app/PHPickerSampler";
			};
			name = Debug;
		};
		D0DA1F4B2523E0D300877F50 /* Release */ = {
			isa = XCBuildConfiguration;
			buildSettings = {
				ALWAYS_EMBED_SWIFT_STANDARD_LIBRARIES = YES;
				BUNDLE_LOADER = "$(TEST_HOST)";
				CODE_SIGN_STYLE = Automatic;
				DEVELOPMENT_TEAM = RPCC56FD9B;
				INFOPLIST_FILE = PHPickerSamplerTests/Info.plist;
				IPHONEOS_DEPLOYMENT_TARGET = 14.0;
				LD_RUNPATH_SEARCH_PATHS = (
					"$(inherited)",
					"@executable_path/Frameworks",
					"@loader_path/Frameworks",
				);
				PRODUCT_BUNDLE_IDENTIFIER = com.justintimes.PHPickerSamplerTests;
				PRODUCT_NAME = "$(TARGET_NAME)";
				SWIFT_VERSION = 5.0;
				TARGETED_DEVICE_FAMILY = "1,2";
				TEST_HOST = "$(BUILT_PRODUCTS_DIR)/PHPickerSampler.app/PHPickerSampler";
			};
			name = Release;
		};
		D0DA1F4D2523E0D300877F50 /* Debug */ = {
			isa = XCBuildConfiguration;
			buildSettings = {
				ALWAYS_EMBED_SWIFT_STANDARD_LIBRARIES = YES;
				CODE_SIGN_STYLE = Automatic;
				DEVELOPMENT_TEAM = RPCC56FD9B;
				INFOPLIST_FILE = PHPickerSamplerUITests/Info.plist;
				LD_RUNPATH_SEARCH_PATHS = (
					"$(inherited)",
					"@executable_path/Frameworks",
					"@loader_path/Frameworks",
				);
				PRODUCT_BUNDLE_IDENTIFIER = com.justintimes.PHPickerSamplerUITests;
				PRODUCT_NAME = "$(TARGET_NAME)";
				SWIFT_VERSION = 5.0;
				TARGETED_DEVICE_FAMILY = "1,2";
				TEST_TARGET_NAME = PHPickerSampler;
			};
			name = Debug;
		};
		D0DA1F4E2523E0D300877F50 /* Release */ = {
			isa = XCBuildConfiguration;
			buildSettings = {
				ALWAYS_EMBED_SWIFT_STANDARD_LIBRARIES = YES;
				CODE_SIGN_STYLE = Automatic;
				DEVELOPMENT_TEAM = RPCC56FD9B;
				INFOPLIST_FILE = PHPickerSamplerUITests/Info.plist;
				LD_RUNPATH_SEARCH_PATHS = (
					"$(inherited)",
					"@executable_path/Frameworks",
					"@loader_path/Frameworks",
				);
				PRODUCT_BUNDLE_IDENTIFIER = com.justintimes.PHPickerSamplerUITests;
				PRODUCT_NAME = "$(TARGET_NAME)";
				SWIFT_VERSION = 5.0;
				TARGETED_DEVICE_FAMILY = "1,2";
				TEST_TARGET_NAME = PHPickerSampler;
			};
			name = Release;
		};
/* End XCBuildConfiguration section */

/* Begin XCConfigurationList section */
		D0DA1F1C2523E0D200877F50 /* Build configuration list for PBXProject "PHPickerSampler" */ = {
			isa = XCConfigurationList;
			buildConfigurations = (
				D0DA1F442523E0D300877F50 /* Debug */,
				D0DA1F452523E0D300877F50 /* Release */,
			);
			defaultConfigurationIsVisible = 0;
			defaultConfigurationName = Release;
		};
		D0DA1F462523E0D300877F50 /* Build configuration list for PBXNativeTarget "PHPickerSampler" */ = {
			isa = XCConfigurationList;
			buildConfigurations = (
				D0DA1F472523E0D300877F50 /* Debug */,
				D0DA1F482523E0D300877F50 /* Release */,
			);
			defaultConfigurationIsVisible = 0;
			defaultConfigurationName = Release;
		};
		D0DA1F492523E0D300877F50 /* Build configuration list for PBXNativeTarget "PHPickerSamplerTests" */ = {
			isa = XCConfigurationList;
			buildConfigurations = (
				D0DA1F4A2523E0D300877F50 /* Debug */,
				D0DA1F4B2523E0D300877F50 /* Release */,
			);
			defaultConfigurationIsVisible = 0;
			defaultConfigurationName = Release;
		};
		D0DA1F4C2523E0D300877F50 /* Build configuration list for PBXNativeTarget "PHPickerSamplerUITests" */ = {
			isa = XCConfigurationList;
			buildConfigurations = (
				D0DA1F4D2523E0D300877F50 /* Debug */,
				D0DA1F4E2523E0D300877F50 /* Release */,
			);
			defaultConfigurationIsVisible = 0;
			defaultConfigurationName = Release;
		};
/* End XCConfigurationList section */
	};
	rootObject = D0DA1F192523E0D200877F50 /* Project object */;
}
